
Microsoft Visual Studio Solution File, Format Version 12.00
# Visual Studio 15
Project("{FAE04EC0-301F-11D3-BF4B-00C04F79EFBC}") = "Assembly-CSharp", "Assembly-CSharp.csproj", "{C633946E-A90D-02E1-587B-C7E7A31FC5D3}"
EndProject
Global
	GlobalSection(SolutionConfigurationPlatforms) = preSolution
		Debug|Any CPU = Debug|Any CPU
		Release|Any CPU = Release|Any CPU
	EndGlobalSection
	GlobalSection(ProjectConfigurationPlatforms) = postSolution
		{C633946E-A90D-02E1-587B-C7E7A31FC5D3}.Debug|Any CPU.ActiveCfg = Debug|Any CPU
		{C633946E-A90D-02E1-587B-C7E7A31FC5D3}.Debug|Any CPU.Build.0 = Debug|Any CPU
		{C633946E-A90D-02E1-587B-C7E7A31FC5D3}.Release|Any CPU.ActiveCfg = Release|Any CPU
		{C633946E-A90D-02E1-587B-C7E7A31FC5D3}.Release|Any CPU.Build.0 = Release|Any CPU
	EndGlobalSection
	GlobalSection(SolutionProperties) = preSolution
		HideSolutionNode = FALSE
	EndGlobalSection
EndGlobal
